
Microsoft Visual Studio Solution File, Format Version 12.00
# Visual Studio 14
VisualStudioVersion = 14.0.25420.1
MinimumVisualStudioVersion = 10.0.40219.1
Project("{FAE04EC0-301F-11D3-BF4B-00C04F79EFBC}") = "ProjectTrackerWCFService", "ProjectTrackerWCFService\ProjectTrackerWCFService.csproj", "{3E129D94-5F88-4644-80D5-608B259893F9}"
EndProject
Project("{2150E333-8FDC-42A3-9474-1A3956D46DE8}") = "Business Logic Layer", "Business Logic Layer", "{0B3E16CF-0850-4541-B145-4253250B48EC}"
EndProject
Project("{2150E333-8FDC-42A3-9474-1A3956D46DE8}") = "Data Access Layer", "Data Access Layer", "{AFFFF8A4-E4F5-4ACA-B81A-BB78FC0F6D5A}"
EndProject
Project("{2150E333-8FDC-42A3-9474-1A3956D46DE8}") = "Domain Object", "Domain Object", "{9F8FC3A5-6FDA-485C-9799-15EF080F08F1}"
EndProject
Project("{FAE04EC0-301F-11D3-BF4B-00C04F79EFBC}") = "MasterDataBLL", "MasterDataBLL\MasterDataBLL.csproj", "{E2E95CF6-290E-4192-8EE6-1365CF1EBABC}"
EndProject
Project("{FAE04EC0-301F-11D3-BF4B-00C04F79EFBC}") = "MasterDataDAL", "MasterDataDAL\MasterDataDAL.csproj", "{73BBAE77-7491-490B-8698-3ADFDDA29B8F}"
EndProject
Project("{FAE04EC0-301F-11D3-BF4B-00C04F79EFBC}") = "MasterDataDO", "MasterDataDO\MasterDataDO.csproj", "{02A5BCDE-F133-46A2-BC8F-7F89EA3DC9C2}"
EndProject
Project("{2150E333-8FDC-42A3-9474-1A3956D46DE8}") = "Log Information", "Log Information", "{D9910E76-27FB-4411-A06C-04806CB11E46}"
EndProject
Project("{FAE04EC0-301F-11D3-BF4B-00C04F79EFBC}") = "LogInformation", "LogInformation\LogInformation.csproj", "{5597C442-42DE-40BE-89DF-F988128435B1}"
EndProject
Project("{FAE04EC0-301F-11D3-BF4B-00C04F79EFBC}") = "ProjectDataDO", "ProjectDataDO\ProjectDataDO.csproj", "{69396B6C-8AE6-45D3-BA71-60ACFB27E1F0}"
EndProject
Project("{FAE04EC0-301F-11D3-BF4B-00C04F79EFBC}") = "ProjectDataDAL", "ProjectDataDAL\ProjectDataDAL.csproj", "{EDD7B66C-910E-4FA5-8915-9B6E93630B03}"
EndProject
Project("{FAE04EC0-301F-11D3-BF4B-00C04F79EFBC}") = "ProjectDataBLL", "ProjectDataBLL\ProjectDataBLL.csproj", "{7B2508E3-DB97-439C-93B4-84258F6D2B6D}"
EndProject
Global
	GlobalSection(SolutionConfigurationPlatforms) = preSolution
		Debug|Any CPU = Debug|Any CPU
		Release|Any CPU = Release|Any CPU
	EndGlobalSection
	GlobalSection(ProjectConfigurationPlatforms) = postSolution
		{3E129D94-5F88-4644-80D5-608B259893F9}.Debug|Any CPU.ActiveCfg = Debug|Any CPU
		{3E129D94-5F88-4644-80D5-608B259893F9}.Debug|Any CPU.Build.0 = Debug|Any CPU
		{3E129D94-5F88-4644-80D5-608B259893F9}.Release|Any CPU.ActiveCfg = Release|Any CPU
		{3E129D94-5F88-4644-80D5-608B259893F9}.Release|Any CPU.Build.0 = Release|Any CPU
		{E2E95CF6-290E-4192-8EE6-1365CF1EBABC}.Debug|Any CPU.ActiveCfg = Debug|Any CPU
		{E2E95CF6-290E-4192-8EE6-1365CF1EBABC}.Debug|Any CPU.Build.0 = Debug|Any CPU
		{E2E95CF6-290E-4192-8EE6-1365CF1EBABC}.Release|Any CPU.ActiveCfg = Release|Any CPU
		{E2E95CF6-290E-4192-8EE6-1365CF1EBABC}.Release|Any CPU.Build.0 = Release|Any CPU
		{73BBAE77-7491-490B-8698-3ADFDDA29B8F}.Debug|Any CPU.ActiveCfg = Debug|Any CPU
		{73BBAE77-7491-490B-8698-3ADFDDA29B8F}.Debug|Any CPU.Build.0 = Debug|Any CPU
		{73BBAE77-7491-490B-8698-3ADFDDA29B8F}.Release|Any CPU.ActiveCfg = Release|Any CPU
		{73BBAE77-7491-490B-8698-3ADFDDA29B8F}.Release|Any CPU.Build.0 = Release|Any CPU
		{02A5BCDE-F133-46A2-BC8F-7F89EA3DC9C2}.Debug|Any CPU.ActiveCfg = Debug|Any CPU
		{02A5BCDE-F133-46A2-BC8F-7F89EA3DC9C2}.Debug|Any CPU.Build.0 = Debug|Any CPU
		{02A5BCDE-F133-46A2-BC8F-7F89EA3DC9C2}.Release|Any CPU.ActiveCfg = Release|Any CPU
		{02A5BCDE-F133-46A2-BC8F-7F89EA3DC9C2}.Release|Any CPU.Build.0 = Release|Any CPU
		{5597C442-42DE-40BE-89DF-F988128435B1}.Debug|Any CPU.ActiveCfg = Debug|Any CPU
		{5597C442-42DE-40BE-89DF-F988128435B1}.Debug|Any CPU.Build.0 = Debug|Any CPU
		{5597C442-42DE-40BE-89DF-F988128435B1}.Release|Any CPU.ActiveCfg = Release|Any CPU
		{5597C442-42DE-40BE-89DF-F988128435B1}.Release|Any CPU.Build.0 = Release|Any CPU
		{69396B6C-8AE6-45D3-BA71-60ACFB27E1F0}.Debug|Any CPU.ActiveCfg = Debug|Any CPU
		{69396B6C-8AE6-45D3-BA71-60ACFB27E1F0}.Debug|Any CPU.Build.0 = Debug|Any CPU
		{69396B6C-8AE6-45D3-BA71-60ACFB27E1F0}.Release|Any CPU.ActiveCfg = Release|Any CPU
		{69396B6C-8AE6-45D3-BA71-60ACFB27E1F0}.Release|Any CPU.Build.0 = Release|Any CPU
		{EDD7B66C-910E-4FA5-8915-9B6E93630B03}.Debug|Any CPU.ActiveCfg = Debug|Any CPU
		{EDD7B66C-910E-4FA5-8915-9B6E93630B03}.Debug|Any CPU.Build.0 = Debug|Any CPU
		{EDD7B66C-910E-4FA5-8915-9B6E93630B03}.Release|Any CPU.ActiveCfg = Release|Any CPU
		{EDD7B66C-910E-4FA5-8915-9B6E93630B03}.Release|Any CPU.Build.0 = Release|Any CPU
		{7B2508E3-DB97-439C-93B4-84258F6D2B6D}.Debug|Any CPU.ActiveCfg = Debug|Any CPU
		{7B2508E3-DB97-439C-93B4-84258F6D2B6D}.Debug|Any CPU.Build.0 = Debug|Any CPU
		{7B2508E3-DB97-439C-93B4-84258F6D2B6D}.Release|Any CPU.ActiveCfg = Release|Any CPU
		{7B2508E3-DB97-439C-93B4-84258F6D2B6D}.Release|Any CPU.Build.0 = Release|Any CPU
	EndGlobalSection
	GlobalSection(SolutionProperties) = preSolution
		HideSolutionNode = FALSE
	EndGlobalSection
	GlobalSection(NestedProjects) = preSolution
		{E2E95CF6-290E-4192-8EE6-1365CF1EBABC} = {0B3E16CF-0850-4541-B145-4253250B48EC}
		{73BBAE77-7491-490B-8698-3ADFDDA29B8F} = {AFFFF8A4-E4F5-4ACA-B81A-BB78FC0F6D5A}
		{02A5BCDE-F133-46A2-BC8F-7F89EA3DC9C2} = {9F8FC3A5-6FDA-485C-9799-15EF080F08F1}
		{5597C442-42DE-40BE-89DF-F988128435B1} = {D9910E76-27FB-4411-A06C-04806CB11E46}
		{69396B6C-8AE6-45D3-BA71-60ACFB27E1F0} = {9F8FC3A5-6FDA-485C-9799-15EF080F08F1}
		{EDD7B66C-910E-4FA5-8915-9B6E93630B03} = {AFFFF8A4-E4F5-4ACA-B81A-BB78FC0F6D5A}
		{7B2508E3-DB97-439C-93B4-84258F6D2B6D} = {0B3E16CF-0850-4541-B145-4253250B48EC}
	EndGlobalSection
	GlobalSection(TeamFoundationVersionControl) = preSolution
		SccNumberOfProjects = 9
		SccEnterpriseProvider = {4CA58AB2-18FA-4F8D-95D4-32DDF27D184C}
		SccTeamFoundationServer = http://tfs.flextronics.com:8080/tfs/eflexdesign%20suite
		SccProjectUniqueName0 = MasterDataBLL\\MasterDataBLL.csproj
		SccProjectTopLevelParentUniqueName0 = ProjectTrackerWCFService.sln
		SccProjectName0 = MasterDataBLL
		SccLocalPath0 = MasterDataBLL
		SccProjectUniqueName1 = MasterDataDAL\\MasterDataDAL.csproj
		SccProjectTopLevelParentUniqueName1 = ProjectTrackerWCFService.sln
		SccProjectName1 = MasterDataDAL
		SccLocalPath1 = MasterDataDAL
		SccProjectUniqueName2 = MasterDataDO\\MasterDataDO.csproj
		SccProjectTopLevelParentUniqueName2 = ProjectTrackerWCFService.sln
		SccProjectName2 = MasterDataDO
		SccLocalPath2 = MasterDataDO
		SccProjectUniqueName3 = ProjectTrackerWCFService\\ProjectTrackerWCFService.csproj
		SccProjectName3 = ProjectTrackerWCFService
		SccLocalPath3 = ProjectTrackerWCFService
		SccLocalPath4 = .
		SccProjectUniqueName5 = LogInformation\\LogInformation.csproj
		SccProjectTopLevelParentUniqueName5 = ProjectTrackerWCFService.sln
		SccProjectName5 = LogInformation
		SccLocalPath5 = LogInformation
		SccProjectUniqueName6 = ProjectDataBLL\\ProjectDataBLL.csproj
		SccProjectTopLevelParentUniqueName6 = ProjectTrackerWCFService.sln
		SccProjectName6 = ProjectDataBLL
		SccLocalPath6 = ProjectDataBLL
		SccProjectUniqueName7 = ProjectDataDAL\\ProjectDataDAL.csproj
		SccProjectTopLevelParentUniqueName7 = ProjectTrackerWCFService.sln
		SccProjectName7 = ProjectDataDAL
		SccLocalPath7 = ProjectDataDAL
		SccProjectUniqueName8 = ProjectDataDO\\ProjectDataDO.csproj
		SccProjectTopLevelParentUniqueName8 = ProjectTrackerWCFService.sln
		SccProjectName8 = ProjectDataDO
		SccLocalPath8 = ProjectDataDO
	EndGlobalSection
EndGlobal
