
Microsoft Visual Studio Solution File, Format Version 12.00
# Visual Studio 14
VisualStudioVersion = 14.0.25420.1
MinimumVisualStudioVersion = 10.0.40219.1
Project("{FAE04EC0-301F-11D3-BF4B-00C04F79EFBC}") = "ProjectTracker", "ProjectTracker\ProjectTracker.csproj", "{B1D25685-32C4-4CA1-A51B-46024BF6E874}"
EndProject
Project("{FAE04EC0-301F-11D3-BF4B-00C04F79EFBC}") = "Library", "Library\Library.csproj", "{39D0BAE9-0B9E-4927-B65B-51E15A2D7EDD}"
EndProject
Project("{FAE04EC0-301F-11D3-BF4B-00C04F79EFBC}") = "Converter", "Converter\Converter.csproj", "{41784935-78FA-4BB6-8FCC-74E56206B26D}"
EndProject
Global
	GlobalSection(SolutionConfigurationPlatforms) = preSolution
		Debug|Any CPU = Debug|Any CPU
		Release|Any CPU = Release|Any CPU
	EndGlobalSection
	GlobalSection(ProjectConfigurationPlatforms) = postSolution
		{B1D25685-32C4-4CA1-A51B-46024BF6E874}.Debug|Any CPU.ActiveCfg = Debug|Any CPU
		{B1D25685-32C4-4CA1-A51B-46024BF6E874}.Debug|Any CPU.Build.0 = Debug|Any CPU
		{B1D25685-32C4-4CA1-A51B-46024BF6E874}.Release|Any CPU.ActiveCfg = Release|Any CPU
		{B1D25685-32C4-4CA1-A51B-46024BF6E874}.Release|Any CPU.Build.0 = Release|Any CPU
		{39D0BAE9-0B9E-4927-B65B-51E15A2D7EDD}.Debug|Any CPU.ActiveCfg = Debug|Any CPU
		{39D0BAE9-0B9E-4927-B65B-51E15A2D7EDD}.Debug|Any CPU.Build.0 = Debug|Any CPU
		{39D0BAE9-0B9E-4927-B65B-51E15A2D7EDD}.Release|Any CPU.ActiveCfg = Release|Any CPU
		{39D0BAE9-0B9E-4927-B65B-51E15A2D7EDD}.Release|Any CPU.Build.0 = Release|Any CPU
		{41784935-78FA-4BB6-8FCC-74E56206B26D}.Debug|Any CPU.ActiveCfg = Debug|Any CPU
		{41784935-78FA-4BB6-8FCC-74E56206B26D}.Debug|Any CPU.Build.0 = Debug|Any CPU
		{41784935-78FA-4BB6-8FCC-74E56206B26D}.Release|Any CPU.ActiveCfg = Release|Any CPU
		{41784935-78FA-4BB6-8FCC-74E56206B26D}.Release|Any CPU.Build.0 = Release|Any CPU
	EndGlobalSection
	GlobalSection(SolutionProperties) = preSolution
		HideSolutionNode = FALSE
	EndGlobalSection
	GlobalSection(TeamFoundationVersionControl) = preSolution
		SccNumberOfProjects = 4
		SccEnterpriseProvider = {4CA58AB2-18FA-4F8D-95D4-32DDF27D184C}
		SccTeamFoundationServer = http://tfscorp.flextronics.com:8080/tfs/designandengineering
		SccLocalPath0 = .
		SccProjectUniqueName1 = ProjectTracker\\ProjectTracker.csproj
		SccProjectName1 = ProjectTracker
		SccLocalPath1 = ProjectTracker
		SccProjectUniqueName2 = Library\\Library.csproj
		SccProjectName2 = Library
		SccLocalPath2 = Library
		SccProjectUniqueName3 = Converter\\Converter.csproj
		SccProjectName3 = Converter
		SccLocalPath3 = Converter
	EndGlobalSection
EndGlobal
