
Microsoft Visual Studio Solution File, Format Version 10.00
# Visual Studio 2008
Project("{00000000-0000-0000-0000-000000000000}") = "ProjectTracker", "ProjectTracker\ProjectTracker.csproj", "{B1D25685-32C4-4CA1-A51B-46024BF6E874}"
	ProjectSection(WebsiteProperties) = preProject
		Debug.AspNetCompiler.Debug = "True"
		Release.AspNetCompiler.Debug = "False"
	EndProjectSection
EndProject
Project("{FAE04EC0-301F-11D3-BF4B-00C04F79EFBC}") = "Library", "Library\Library.csproj", "{39D0BAE9-0B9E-4927-B65B-51E15A2D7EDD}"
EndProject
Project("{FAE04EC0-301F-11D3-BF4B-00C04F79EFBC}") = "Converter", "Converter\Converter.csproj", "{41784935-78FA-4BB6-8FCC-74E56206B26D}"
EndProject
Global
	GlobalSection(SolutionConfigurationPlatforms) = preSolution
		Debug|Any CPU = Debug|Any CPU
		Release|Any CPU = Release|Any CPU
	EndGlobalSection
	GlobalSection(ProjectConfigurationPlatforms) = postSolution
		{B1D25685-32C4-4CA1-A51B-46024BF6E874}.Debug|Any CPU.ActiveCfg = Debug|Any CPU
		{B1D25685-32C4-4CA1-A51B-46024BF6E874}.Debug|Any CPU.Build.0 = Debug|Any CPU
		{B1D25685-32C4-4CA1-A51B-46024BF6E874}.Release|Any CPU.ActiveCfg = Release|Any CPU
		{B1D25685-32C4-4CA1-A51B-46024BF6E874}.Release|Any CPU.Build.0 = Release|Any CPU
		{39D0BAE9-0B9E-4927-B65B-51E15A2D7EDD}.Debug|Any CPU.ActiveCfg = Debug|Any CPU
		{39D0BAE9-0B9E-4927-B65B-51E15A2D7EDD}.Debug|Any CPU.Build.0 = Debug|Any CPU
		{39D0BAE9-0B9E-4927-B65B-51E15A2D7EDD}.Release|Any CPU.ActiveCfg = Release|Any CPU
		{39D0BAE9-0B9E-4927-B65B-51E15A2D7EDD}.Release|Any CPU.Build.0 = Release|Any CPU
		{41784935-78FA-4BB6-8FCC-74E56206B26D}.Debug|Any CPU.ActiveCfg = Debug|Any CPU
		{41784935-78FA-4BB6-8FCC-74E56206B26D}.Debug|Any CPU.Build.0 = Debug|Any CPU
		{41784935-78FA-4BB6-8FCC-74E56206B26D}.Release|Any CPU.ActiveCfg = Release|Any CPU
		{41784935-78FA-4BB6-8FCC-74E56206B26D}.Release|Any CPU.Build.0 = Release|Any CPU
	EndGlobalSection
	GlobalSection(SolutionProperties) = preSolution
		HideSolutionNode = FALSE
	EndGlobalSection
EndGlobal
