
Microsoft Visual Studio Solution File, Format Version 12.00
# Visual Studio Version 16
VisualStudioVersion = 16.0.29509.3
MinimumVisualStudioVersion = 10.0.40219.1
Project("{00D1A9C2-B5F0-4AF3-8072-F6C62B433612}") = "Flex.APT.Database", "Flex.APT.Database\Flex.APT.Database.sqlproj", "{5BB70F38-5268-4C22-BC43-76BC80E784D9}"
EndProject
Project("{9A19103F-16F7-4668-BE54-9A1E7A4F7556}") = "Flex.APT.Api", "Flex.APT.Api\Flex.APT.Api.csproj", "{E254B64E-7293-47B4-A381-FEB44F2DA71B}"
EndProject
Project("{9A19103F-16F7-4668-BE54-9A1E7A4F7556}") = "Flex.APT.FrameWork", "Flex.APT.FrameWork\Flex.APT.FrameWork.csproj", "{49AD8F9B-2FFF-40F7-80ED-FFF0C4B2DCA6}"
EndProject
Project("{9A19103F-16F7-4668-BE54-9A1E7A4F7556}") = "Flex.APT.FrameWork.Contract", "Flex.APT.FrameWork.Contract\Flex.APT.FrameWork.Contract.csproj", "{2DC0C415-CEF0-4BA8-867D-FF8DDF3BDC5F}"
EndProject
Project("{9A19103F-16F7-4668-BE54-9A1E7A4F7556}") = "Flex.APT.FrameWork.TypeResolver", "Flex.APT.FrameWork.TypeResolver\Flex.APT.FrameWork.TypeResolver.csproj", "{3BC12996-BA47-4E78-843F-DCA3FB78FD0B}"
EndProject
Project("{9A19103F-16F7-4668-BE54-9A1E7A4F7556}") = "Flex.APT.Data", "Flex.APT.Data\Flex.APT.Data.csproj", "{D6BF3259-2CEC-4803-8F07-BA79E9259355}"
EndProject
Project("{9A19103F-16F7-4668-BE54-9A1E7A4F7556}") = "Flex.APT.Data.TypeResolver", "Flex.APT.Data.TypeResolver\Flex.APT.Data.TypeResolver.csproj", "{F34BDD18-9CF2-4DE2-9841-3DA2DF7B88B2}"
EndProject
Project("{FAE04EC0-301F-11D3-BF4B-00C04F79EFBC}") = "Flex.APT.Domain", "Flex.APT.Domain\Flex.APT.Domain.csproj", "{1F46C337-E491-48DB-87A1-089B92DB8203}"
EndProject
Project("{FAE04EC0-301F-11D3-BF4B-00C04F79EFBC}") = "Flex.APT.Application", "Flex.APT.Application\Flex.APT.Application.csproj", "{9C2059C0-B07C-4AB2-8457-3CD01A3FD28B}"
EndProject
Global
	GlobalSection(SolutionConfigurationPlatforms) = preSolution
		Debug|Any CPU = Debug|Any CPU
		Release|Any CPU = Release|Any CPU
	EndGlobalSection
	GlobalSection(ProjectConfigurationPlatforms) = postSolution
		{5BB70F38-5268-4C22-BC43-76BC80E784D9}.Debug|Any CPU.ActiveCfg = Debug|Any CPU
		{5BB70F38-5268-4C22-BC43-76BC80E784D9}.Debug|Any CPU.Build.0 = Debug|Any CPU
		{5BB70F38-5268-4C22-BC43-76BC80E784D9}.Debug|Any CPU.Deploy.0 = Debug|Any CPU
		{5BB70F38-5268-4C22-BC43-76BC80E784D9}.Release|Any CPU.ActiveCfg = Release|Any CPU
		{5BB70F38-5268-4C22-BC43-76BC80E784D9}.Release|Any CPU.Build.0 = Release|Any CPU
		{5BB70F38-5268-4C22-BC43-76BC80E784D9}.Release|Any CPU.Deploy.0 = Release|Any CPU
		{E254B64E-7293-47B4-A381-FEB44F2DA71B}.Debug|Any CPU.ActiveCfg = Debug|Any CPU
		{E254B64E-7293-47B4-A381-FEB44F2DA71B}.Debug|Any CPU.Build.0 = Debug|Any CPU
		{E254B64E-7293-47B4-A381-FEB44F2DA71B}.Release|Any CPU.ActiveCfg = Release|Any CPU
		{E254B64E-7293-47B4-A381-FEB44F2DA71B}.Release|Any CPU.Build.0 = Release|Any CPU
		{49AD8F9B-2FFF-40F7-80ED-FFF0C4B2DCA6}.Debug|Any CPU.ActiveCfg = Debug|Any CPU
		{49AD8F9B-2FFF-40F7-80ED-FFF0C4B2DCA6}.Debug|Any CPU.Build.0 = Debug|Any CPU
		{49AD8F9B-2FFF-40F7-80ED-FFF0C4B2DCA6}.Release|Any CPU.ActiveCfg = Release|Any CPU
		{49AD8F9B-2FFF-40F7-80ED-FFF0C4B2DCA6}.Release|Any CPU.Build.0 = Release|Any CPU
		{2DC0C415-CEF0-4BA8-867D-FF8DDF3BDC5F}.Debug|Any CPU.ActiveCfg = Debug|Any CPU
		{2DC0C415-CEF0-4BA8-867D-FF8DDF3BDC5F}.Debug|Any CPU.Build.0 = Debug|Any CPU
		{2DC0C415-CEF0-4BA8-867D-FF8DDF3BDC5F}.Release|Any CPU.ActiveCfg = Release|Any CPU
		{2DC0C415-CEF0-4BA8-867D-FF8DDF3BDC5F}.Release|Any CPU.Build.0 = Release|Any CPU
		{3BC12996-BA47-4E78-843F-DCA3FB78FD0B}.Debug|Any CPU.ActiveCfg = Debug|Any CPU
		{3BC12996-BA47-4E78-843F-DCA3FB78FD0B}.Debug|Any CPU.Build.0 = Debug|Any CPU
		{3BC12996-BA47-4E78-843F-DCA3FB78FD0B}.Release|Any CPU.ActiveCfg = Release|Any CPU
		{3BC12996-BA47-4E78-843F-DCA3FB78FD0B}.Release|Any CPU.Build.0 = Release|Any CPU
		{D6BF3259-2CEC-4803-8F07-BA79E9259355}.Debug|Any CPU.ActiveCfg = Debug|Any CPU
		{D6BF3259-2CEC-4803-8F07-BA79E9259355}.Debug|Any CPU.Build.0 = Debug|Any CPU
		{D6BF3259-2CEC-4803-8F07-BA79E9259355}.Release|Any CPU.ActiveCfg = Release|Any CPU
		{D6BF3259-2CEC-4803-8F07-BA79E9259355}.Release|Any CPU.Build.0 = Release|Any CPU
		{F34BDD18-9CF2-4DE2-9841-3DA2DF7B88B2}.Debug|Any CPU.ActiveCfg = Debug|Any CPU
		{F34BDD18-9CF2-4DE2-9841-3DA2DF7B88B2}.Debug|Any CPU.Build.0 = Debug|Any CPU
		{F34BDD18-9CF2-4DE2-9841-3DA2DF7B88B2}.Release|Any CPU.ActiveCfg = Release|Any CPU
		{F34BDD18-9CF2-4DE2-9841-3DA2DF7B88B2}.Release|Any CPU.Build.0 = Release|Any CPU
		{1F46C337-E491-48DB-87A1-089B92DB8203}.Debug|Any CPU.ActiveCfg = Debug|Any CPU
		{1F46C337-E491-48DB-87A1-089B92DB8203}.Debug|Any CPU.Build.0 = Debug|Any CPU
		{1F46C337-E491-48DB-87A1-089B92DB8203}.Release|Any CPU.ActiveCfg = Release|Any CPU
		{1F46C337-E491-48DB-87A1-089B92DB8203}.Release|Any CPU.Build.0 = Release|Any CPU
		{9C2059C0-B07C-4AB2-8457-3CD01A3FD28B}.Debug|Any CPU.ActiveCfg = Debug|Any CPU
		{9C2059C0-B07C-4AB2-8457-3CD01A3FD28B}.Debug|Any CPU.Build.0 = Debug|Any CPU
		{9C2059C0-B07C-4AB2-8457-3CD01A3FD28B}.Release|Any CPU.ActiveCfg = Release|Any CPU
		{9C2059C0-B07C-4AB2-8457-3CD01A3FD28B}.Release|Any CPU.Build.0 = Release|Any CPU
	EndGlobalSection
	GlobalSection(SolutionProperties) = preSolution
		HideSolutionNode = FALSE
	EndGlobalSection
	GlobalSection(ExtensibilityGlobals) = postSolution
		SolutionGuid = {0B0A6820-1785-4F66-A3C2-D3CD282F3CA7}
	EndGlobalSection
EndGlobal
